
Microsoft Visual Studio Solution File, Format Version 12.00
# Visual Studio 15
VisualStudioVersion = 15.0.26430.16
MinimumVisualStudioVersion = 10.0.40219.1
Project("{D954291E-2A0B-460D-934E-DC6B0785DB48}") = "Todo", "Todo\Todo\Todo.shproj", "{24DEF0F2-E5EF-4598-9515-F20FCC3FE93F}"
EndProject
Project("{FAE04EC0-301F-11D3-BF4B-00C04F79EFBC}") = "Todo.Android", "Todo\Todo.Android\Todo.Android.csproj", "{5EF6D92A-9AC6-410C-9A16-A9401F6DD3F6}"
EndProject
Project("{FAE04EC0-301F-11D3-BF4B-00C04F79EFBC}") = "Todo.iOS", "Todo\Todo.iOS\Todo.iOS.csproj", "{DC040158-EDDC-4269-B88D-4BC5F64AD427}"
EndProject
Global
	GlobalSection(SharedMSBuildProjectFiles) = preSolution
		Todo\Todo\Todo.projitems*{24def0f2-e5ef-4598-9515-f20fcc3fe93f}*SharedItemsImports = 13
		Todo\Todo\Todo.projitems*{5ef6d92a-9ac6-410c-9a16-a9401f6dd3f6}*SharedItemsImports = 4
		Todo\Todo\Todo.projitems*{dc040158-eddc-4269-b88d-4bc5f64ad427}*SharedItemsImports = 4
	EndGlobalSection
	GlobalSection(SolutionConfigurationPlatforms) = preSolution
		Ad-Hoc|Any CPU = Ad-Hoc|Any CPU
		Ad-Hoc|iPhone = Ad-Hoc|iPhone
		Ad-Hoc|iPhoneSimulator = Ad-Hoc|iPhoneSimulator
		AppStore|Any CPU = AppStore|Any CPU
		AppStore|iPhone = AppStore|iPhone
		AppStore|iPhoneSimulator = AppStore|iPhoneSimulator
		Debug|Any CPU = Debug|Any CPU
		Debug|iPhone = Debug|iPhone
		Debug|iPhoneSimulator = Debug|iPhoneSimulator
		Release|Any CPU = Release|Any CPU
		Release|iPhone = Release|iPhone
		Release|iPhoneSimulator = Release|iPhoneSimulator
	EndGlobalSection
	GlobalSection(ProjectConfigurationPlatforms) = postSolution
		{5EF6D92A-9AC6-410C-9A16-A9401F6DD3F6}.Ad-Hoc|Any CPU.ActiveCfg = Release|Any CPU
		{5EF6D92A-9AC6-410C-9A16-A9401F6DD3F6}.Ad-Hoc|Any CPU.Build.0 = Release|Any CPU
		{5EF6D92A-9AC6-410C-9A16-A9401F6DD3F6}.Ad-Hoc|Any CPU.Deploy.0 = Release|Any CPU
		{5EF6D92A-9AC6-410C-9A16-A9401F6DD3F6}.Ad-Hoc|iPhone.ActiveCfg = Release|Any CPU
		{5EF6D92A-9AC6-410C-9A16-A9401F6DD3F6}.Ad-Hoc|iPhone.Build.0 = Release|Any CPU
		{5EF6D92A-9AC6-410C-9A16-A9401F6DD3F6}.Ad-Hoc|iPhone.Deploy.0 = Release|Any CPU
		{5EF6D92A-9AC6-410C-9A16-A9401F6DD3F6}.Ad-Hoc|iPhoneSimulator.ActiveCfg = Release|Any CPU
		{5EF6D92A-9AC6-410C-9A16-A9401F6DD3F6}.Ad-Hoc|iPhoneSimulator.Build.0 = Release|Any CPU
		{5EF6D92A-9AC6-410C-9A16-A9401F6DD3F6}.Ad-Hoc|iPhoneSimulator.Deploy.0 = Release|Any CPU
		{5EF6D92A-9AC6-410C-9A16-A9401F6DD3F6}.AppStore|Any CPU.ActiveCfg = Release|Any CPU
		{5EF6D92A-9AC6-410C-9A16-A9401F6DD3F6}.AppStore|Any CPU.Build.0 = Release|Any CPU
		{5EF6D92A-9AC6-410C-9A16-A9401F6DD3F6}.AppStore|Any CPU.Deploy.0 = Release|Any CPU
		{5EF6D92A-9AC6-410C-9A16-A9401F6DD3F6}.AppStore|iPhone.ActiveCfg = Release|Any CPU
		{5EF6D92A-9AC6-410C-9A16-A9401F6DD3F6}.AppStore|iPhone.Build.0 = Release|Any CPU
		{5EF6D92A-9AC6-410C-9A16-A9401F6DD3F6}.AppStore|iPhone.Deploy.0 = Release|Any CPU
		{5EF6D92A-9AC6-410C-9A16-A9401F6DD3F6}.AppStore|iPhoneSimulator.ActiveCfg = Release|Any CPU
		{5EF6D92A-9AC6-410C-9A16-A9401F6DD3F6}.AppStore|iPhoneSimulator.Build.0 = Release|Any CPU
		{5EF6D92A-9AC6-410C-9A16-A9401F6DD3F6}.AppStore|iPhoneSimulator.Deploy.0 = Release|Any CPU
		{5EF6D92A-9AC6-410C-9A16-A9401F6DD3F6}.Debug|Any CPU.ActiveCfg = Debug|Any CPU
		{5EF6D92A-9AC6-410C-9A16-A9401F6DD3F6}.Debug|Any CPU.Build.0 = Debug|Any CPU
		{5EF6D92A-9AC6-410C-9A16-A9401F6DD3F6}.Debug|Any CPU.Deploy.0 = Debug|Any CPU
		{5EF6D92A-9AC6-410C-9A16-A9401F6DD3F6}.Debug|iPhone.ActiveCfg = Debug|Any CPU
		{5EF6D92A-9AC6-410C-9A16-A9401F6DD3F6}.Debug|iPhone.Build.0 = Debug|Any CPU
		{5EF6D92A-9AC6-410C-9A16-A9401F6DD3F6}.Debug|iPhone.Deploy.0 = Debug|Any CPU
		{5EF6D92A-9AC6-410C-9A16-A9401F6DD3F6}.Debug|iPhoneSimulator.ActiveCfg = Debug|Any CPU
		{5EF6D92A-9AC6-410C-9A16-A9401F6DD3F6}.Debug|iPhoneSimulator.Build.0 = Debug|Any CPU
		{5EF6D92A-9AC6-410C-9A16-A9401F6DD3F6}.Debug|iPhoneSimulator.Deploy.0 = Debug|Any CPU
		{5EF6D92A-9AC6-410C-9A16-A9401F6DD3F6}.Release|Any CPU.ActiveCfg = Release|Any CPU
		{5EF6D92A-9AC6-410C-9A16-A9401F6DD3F6}.Release|Any CPU.Build.0 = Release|Any CPU
		{5EF6D92A-9AC6-410C-9A16-A9401F6DD3F6}.Release|Any CPU.Deploy.0 = Release|Any CPU
		{5EF6D92A-9AC6-410C-9A16-A9401F6DD3F6}.Release|iPhone.ActiveCfg = Release|Any CPU
		{5EF6D92A-9AC6-410C-9A16-A9401F6DD3F6}.Release|iPhone.Build.0 = Release|Any CPU
		{5EF6D92A-9AC6-410C-9A16-A9401F6DD3F6}.Release|iPhone.Deploy.0 = Release|Any CPU
		{5EF6D92A-9AC6-410C-9A16-A9401F6DD3F6}.Release|iPhoneSimulator.ActiveCfg = Release|Any CPU
		{5EF6D92A-9AC6-410C-9A16-A9401F6DD3F6}.Release|iPhoneSimulator.Build.0 = Release|Any CPU
		{5EF6D92A-9AC6-410C-9A16-A9401F6DD3F6}.Release|iPhoneSimulator.Deploy.0 = Release|Any CPU
		{DC040158-EDDC-4269-B88D-4BC5F64AD427}.Ad-Hoc|Any CPU.ActiveCfg = Ad-Hoc|iPhone
		{DC040158-EDDC-4269-B88D-4BC5F64AD427}.Ad-Hoc|iPhone.ActiveCfg = Ad-Hoc|iPhone
		{DC040158-EDDC-4269-B88D-4BC5F64AD427}.Ad-Hoc|iPhone.Build.0 = Ad-Hoc|iPhone
		{DC040158-EDDC-4269-B88D-4BC5F64AD427}.Ad-Hoc|iPhoneSimulator.ActiveCfg = Ad-Hoc|iPhoneSimulator
		{DC040158-EDDC-4269-B88D-4BC5F64AD427}.Ad-Hoc|iPhoneSimulator.Build.0 = Ad-Hoc|iPhoneSimulator
		{DC040158-EDDC-4269-B88D-4BC5F64AD427}.AppStore|Any CPU.ActiveCfg = AppStore|iPhone
		{DC040158-EDDC-4269-B88D-4BC5F64AD427}.AppStore|iPhone.ActiveCfg = AppStore|iPhone
		{DC040158-EDDC-4269-B88D-4BC5F64AD427}.AppStore|iPhone.Build.0 = AppStore|iPhone
		{DC040158-EDDC-4269-B88D-4BC5F64AD427}.AppStore|iPhoneSimulator.ActiveCfg = AppStore|iPhoneSimulator
		{DC040158-EDDC-4269-B88D-4BC5F64AD427}.AppStore|iPhoneSimulator.Build.0 = AppStore|iPhoneSimulator
		{DC040158-EDDC-4269-B88D-4BC5F64AD427}.Debug|Any CPU.ActiveCfg = Debug|iPhone
		{DC040158-EDDC-4269-B88D-4BC5F64AD427}.Debug|iPhone.ActiveCfg = Debug|iPhone
		{DC040158-EDDC-4269-B88D-4BC5F64AD427}.Debug|iPhone.Build.0 = Debug|iPhone
		{DC040158-EDDC-4269-B88D-4BC5F64AD427}.Debug|iPhoneSimulator.ActiveCfg = Debug|iPhoneSimulator
		{DC040158-EDDC-4269-B88D-4BC5F64AD427}.Debug|iPhoneSimulator.Build.0 = Debug|iPhoneSimulator
		{DC040158-EDDC-4269-B88D-4BC5F64AD427}.Release|Any CPU.ActiveCfg = Release|iPhone
		{DC040158-EDDC-4269-B88D-4BC5F64AD427}.Release|iPhone.ActiveCfg = Release|iPhone
		{DC040158-EDDC-4269-B88D-4BC5F64AD427}.Release|iPhone.Build.0 = Release|iPhone
		{DC040158-EDDC-4269-B88D-4BC5F64AD427}.Release|iPhoneSimulator.ActiveCfg = Release|iPhoneSimulator
		{DC040158-EDDC-4269-B88D-4BC5F64AD427}.Release|iPhoneSimulator.Build.0 = Release|iPhoneSimulator
	EndGlobalSection
	GlobalSection(SolutionProperties) = preSolution
		HideSolutionNode = FALSE
	EndGlobalSection
EndGlobal
